{
  "originHash" : "ee151ae8a4894a5bcd2a291fa3235f00254c026f5cb15b625e4f9c3aa30f5d91",
  "pins" : [
    {
      "identity" : "netmock-ios",
      "kind" : "remoteSourceControl",
      "location" : "https://github.com/TeamAtomicMedia/NetMock-iOS.git",
      "state" : {
        "revision" : "c1b2eb4fc4618220b159fac454851d52d5b85111",
        "version" : "2.1.0"
      }
    }
  ],
  "version" : 3
}
