{
  "originHash" : "b27435002268c50510073440973a210029bc911ae67bbd3b08ddb7c5ebd5abd7",
  "pins" : [
    {
      "identity" : "netmock-ios",
      "kind" : "remoteSourceControl",
      "location" : "https://github.com/TeamAtomicMedia/NetMock-iOS.git",
      "state" : {
        "revision" : "b76c1868ca0455cb68d59fe5515f6b1da718bf68",
        "version" : "3.0.0"
      }
    }
  ],
  "version" : 3
}
