{
  "originHash" : "c8a8ad6eedc3bc99ad18ea958bba61fdd3531be8070710039f8b85800b91a48f",
  "pins" : [
    {
      "identity" : "netmock-ios",
      "kind" : "remoteSourceControl",
      "location" : "https://github.com/TeamAtomicMedia/NetMock-iOS.git",
      "state" : {
        "revision" : "7ae5528823662d55523481b4d6e1f1c5c4d79db7",
        "version" : "2.3.1"
      }
    }
  ],
  "version" : 3
}
